
Microsoft Visual Studio Solution File, Format Version 12.00
# Visual Studio Version 17
VisualStudioVersion = 17.4.33403.182
MinimumVisualStudioVersion = 10.0.40219.1
Project("{9A19103F-16F7-4668-BE54-9A1E7A4F7556}") = "proveedoresCrud", "proveedoresCrud\proveedoresCrud.csproj", "{D64822BB-1E54-4B98-92DF-683B279D6102}"
EndProject
Project("{FAE04EC0-301F-11D3-BF4B-00C04F79EFBC}") = "ProveedoresCrud.Tests", "ProveedoresCrud.Tests\ProveedoresCrud.Tests.csproj", "{7A32005E-9E16-4D19-B396-AF7AA760DBE2}"
EndProject
Global
	GlobalSection(SolutionConfigurationPlatforms) = preSolution
		Debug|Any CPU = Debug|Any CPU
		Release|Any CPU = Release|Any CPU
	EndGlobalSection
	GlobalSection(ProjectConfigurationPlatforms) = postSolution
		{D64822BB-1E54-4B98-92DF-683B279D6102}.Debug|Any CPU.ActiveCfg = Debug|Any CPU
		{D64822BB-1E54-4B98-92DF-683B279D6102}.Debug|Any CPU.Build.0 = Debug|Any CPU
		{D64822BB-1E54-4B98-92DF-683B279D6102}.Release|Any CPU.ActiveCfg = Release|Any CPU
		{D64822BB-1E54-4B98-92DF-683B279D6102}.Release|Any CPU.Build.0 = Release|Any CPU
		{7A32005E-9E16-4D19-B396-AF7AA760DBE2}.Debug|Any CPU.ActiveCfg = Debug|Any CPU
		{7A32005E-9E16-4D19-B396-AF7AA760DBE2}.Debug|Any CPU.Build.0 = Debug|Any CPU
		{7A32005E-9E16-4D19-B396-AF7AA760DBE2}.Release|Any CPU.ActiveCfg = Release|Any CPU
		{7A32005E-9E16-4D19-B396-AF7AA760DBE2}.Release|Any CPU.Build.0 = Release|Any CPU
	EndGlobalSection
	GlobalSection(SolutionProperties) = preSolution
		HideSolutionNode = FALSE
	EndGlobalSection
	GlobalSection(ExtensibilityGlobals) = postSolution
		SolutionGuid = {4E904FD2-5C32-4E1A-B6B4-248E065052FA}
	EndGlobalSection
EndGlobal
